{
  "pins" : [
    {
      "identity" : "wwnetworking",
      "kind" : "remoteSourceControl",
      "location" : "https://github.com/William-Weng/WWNetworking.git",
      "state" : {
        "revision" : "cad6323f8ec5b7fe87ac4c0e820c0529d402e5e1",
        "version" : "1.6.2"
      }
    },
    {
      "identity" : "wwsimpledeepseekai",
      "kind" : "remoteSourceControl",
      "location" : "https://github.com/William-Weng/WWSimpleDeepSeekAI",
      "state" : {
        "branch" : "main",
        "revision" : "037dabe8f4d690fdc57220a7f9a73eddc98f2f7b"
      }
    }
  ],
  "version" : 2
}
