{
  "originHash" : "30b90a63deca6725bf8e751466cd93a4042546595798b3a72904f829ede0060b",
  "pins" : [
    {
      "identity" : "wwnetworking",
      "kind" : "remoteSourceControl",
      "location" : "https://github.com/William-Weng/WWNetworking.git",
      "state" : {
        "revision" : "df5c6fbb54c661e4669b624c5fd10f727a91302f",
        "version" : "1.7.3"
      }
    },
    {
      "identity" : "wwsimpledeepseekai",
      "kind" : "remoteSourceControl",
      "location" : "https://github.com/William-Weng/WWSimpleDeepSeekAI",
      "state" : {
        "revision" : "ca476761faf11389f72551a3747f84706b4b50fc",
        "version" : "0.1.0"
      }
    }
  ],
  "version" : 3
}
